{
  "name": "breitleague-academy",
  "lockfileVersion": 3,
  "requires": true,
  "packages": {
    "": {
      }
    },
      "version": "7.27.1",
      "license": "MIT",
      "engines": {
        "node": ">=6.9.0"
      }
    },
    "node_modules/@babel/helper-validator-identifier": {
      "version": "7.27.1",
      "resolved": "https://registry.npmjs.org/@babel/helper-validator-identifier/-/helper-validator-identifier-7.27.1.tgz",
      "integrity": "sha512-D2hP9eA+Sqx1kBZgzxZh0y1trbuU+JoDkiEwqhQ36nodYqJwyEIhPSdMNd7lOm/4io72luTPWH20Yda0xOuUow==",
      "license": "MIT",
      "peer": true,
      "engines": {
        "node": ">=6.9.0"
      }
    },
      "license": "MIT",
      "peer": true,
      "dependencies": {
    },
      "bin": {
      },
      "engines": {
      }
    },
      "license": "MIT",
      "peer": true,
      "dependencies": {
      },
      "engines": {
      }
    },
      "license": "MIT",
    },
      "license": "MIT",
      "peer": true,
      "dependencies": {
      }
    },
      "license": "MIT",
      "peer": true,
      "dependencies": {
      }
    },
      "license": "MIT",
      "peer": true,
      "dependencies": {
      }
    },
      "license": "MIT",
      "peer": true,
      "dependencies": {
      }
    },
      "license": "MIT",
      "dependencies": {
      }
    },
      "license": "MIT",
      "dependencies": {
      }
    },
      "license": "MIT",
      "dependencies": {
      }
    },
      "license": "MIT",
      "peer": true,
      "dependencies": {
      }
    },
      "license": "MIT",
      "peer": true,
      "dependencies": {
      }
    },
      "license": "MIT",
      "peer": true,
      "dependencies": {
      }
    },
      "license": "MIT",
      "peer": true,
      "dependencies": {
      },
      "peerDependencies": {
      }
    },
      "license": "MIT",
      },
      "version": "2.3.0",
      "license": "MIT",
      }
    },
      "license": "MIT",
      "dependencies": {
      },
      "engines": {
      },
      "funding": {
      }
    },
      "license": "MIT",
    },
      "engines": {
      },
      "funding": {
      }
    },
      "license": "MIT",
      },
      "license": "MIT"
    },
      "license": "MIT",
      "engines": {
      },
      "funding": {
      }
    },
      "license": "MIT",
      "peer": true,
      "dependencies": {
      }
    },
      "license": "MIT"
    },
      }
      "license": "MIT",
      },
      "engines": {
      }
    },
      "version": "1.0.0",
    },
    "node_modules/picocolors": {
      "version": "1.1.1",
      "resolved": "https://registry.npmjs.org/picocolors/-/picocolors-1.1.1.tgz",
      "integrity": "sha512-xceH2snhtb5M9liqDsmEw56le376mTZkEX/jEb/RxNFyegNul7eNslCXP9FDj/Lcu0X8KEyMceP2ntpaHrDEVA==",
      "license": "ISC",
    },
      "version": "3.0.3",
      "license": "MIT",
      "dependencies": {
    },
    },
      },
      }
      }
    },
      "funding": [
        {
          "type": "opencollective",
          "url": "https://opencollective.com/postcss/"
        },
        {
          "type": "tidelift",
          "url": "https://tidelift.com/funding/github/npm/postcss"
        },
        {
          "type": "github",
        }
      ],
      "license": "MIT",
      "peer": true,
      "dependencies": {
      },
      "engines": {
      }
    },
      "license": "MIT"
    },
      "engines": {
        "node": ">=0.10.0"
      }
    },
      "engines": {
        "node": ">=0.10.0"
      }
    },
      "license": "MIT",
      "dependencies": {
      },
      "engines": {
      }
    },
      "license": "MIT",
      "peer": true,
      "dependencies": {
      }
    }
  }
}
